
Microsoft Visual Studio Solution File, Format Version 12.00
# Visual Studio Version 17
VisualStudioVersion = 17.5.002.0
MinimumVisualStudioVersion = 10.0.40219.1
Project("{9A19103F-16F7-4668-BE54-9A1E7A4F7556}") = "SeleniumProject", "SeleniumProject\SeleniumProject.csproj", "{51BE3C72-0A08-4B06-9609-984AB2F7B449}"
EndProject
Global
	GlobalSection(SolutionConfigurationPlatforms) = preSolution
		Debug|Any CPU = Debug|Any CPU
		Release|Any CPU = Release|Any CPU
	EndGlobalSection
	GlobalSection(ProjectConfigurationPlatforms) = postSolution
		{51BE3C72-0A08-4B06-9609-984AB2F7B449}.Debug|Any CPU.ActiveCfg = Debug|Any CPU
		{51BE3C72-0A08-4B06-9609-984AB2F7B449}.Debug|Any CPU.Build.0 = Debug|Any CPU
		{51BE3C72-0A08-4B06-9609-984AB2F7B449}.Release|Any CPU.ActiveCfg = Release|Any CPU
		{51BE3C72-0A08-4B06-9609-984AB2F7B449}.Release|Any CPU.Build.0 = Release|Any CPU
	EndGlobalSection
	GlobalSection(SolutionProperties) = preSolution
		HideSolutionNode = FALSE
	EndGlobalSection
	GlobalSection(ExtensibilityGlobals) = postSolution
		SolutionGuid = {DDCE85C7-69BB-4708-B1D2-0093646C2BB2}
	EndGlobalSection
EndGlobal
